Microsoft Visual Studio Solution File, Format Version 12.00
# Visual Studio Version 17
VisualStudioVersion = 17.5.2.0
MinimumVisualStudioVersion = 10.0.40219.1
Project("{FAE04EC0-301F-11D3-BF4B-00C04F79EFBC}") = "Lab10-Pridiuk", "Lab10-Pridiuk.csproj", "{F203F337-C353-4859-5E60-37CF48353566}"
EndProject
Global
	GlobalSection(SolutionConfigurationPlatforms) = preSolution
		Debug|Any CPU = Debug|Any CPU
		Release|Any CPU = Release|Any CPU
	EndGlobalSection
	GlobalSection(ProjectConfigurationPlatforms) = postSolution
		{F203F337-C353-4859-5E60-37CF48353566}.Debug|Any CPU.ActiveCfg = Debug|Any CPU
		{F203F337-C353-4859-5E60-37CF48353566}.Debug|Any CPU.Build.0 = Debug|Any CPU
		{F203F337-C353-4859-5E60-37CF48353566}.Release|Any CPU.ActiveCfg = Release|Any CPU
		{F203F337-C353-4859-5E60-37CF48353566}.Release|Any CPU.Build.0 = Release|Any CPU
	EndGlobalSection
	GlobalSection(SolutionProperties) = preSolution
		HideSolutionNode = FALSE
	EndGlobalSection
	GlobalSection(ExtensibilityGlobals) = postSolution
		SolutionGuid = {C5C5F53E-0435-4C33-B3CF-E6839669D75B}
	EndGlobalSection
EndGlobal
